
Microsoft Visual Studio Solution File, Format Version 12.00
# Visual Studio 15
VisualStudioVersion = 15.0.28307.329
MinimumVisualStudioVersion = 10.0.40219.1
Project("{F184B08F-C81C-45F6-A57F-5ABD9991F28F}") = "Carnivores_Mod_Manager", "Carnivores_Mod_Manager\Carnivores_Mod_Manager.vbproj", "{D1395647-AE55-4EFE-A1D1-C271AE1A03E0}"
EndProject
Global
	GlobalSection(SolutionConfigurationPlatforms) = preSolution
		Debug|Any CPU = Debug|Any CPU
		Release|Any CPU = Release|Any CPU
	EndGlobalSection
	GlobalSection(ProjectConfigurationPlatforms) = postSolution
		{D1395647-AE55-4EFE-A1D1-C271AE1A03E0}.Debug|Any CPU.ActiveCfg = Debug|Any CPU
		{D1395647-AE55-4EFE-A1D1-C271AE1A03E0}.Debug|Any CPU.Build.0 = Debug|Any CPU
		{D1395647-AE55-4EFE-A1D1-C271AE1A03E0}.Release|Any CPU.ActiveCfg = Release|Any CPU
		{D1395647-AE55-4EFE-A1D1-C271AE1A03E0}.Release|Any CPU.Build.0 = Release|Any CPU
	EndGlobalSection
	GlobalSection(SolutionProperties) = preSolution
		HideSolutionNode = FALSE
	EndGlobalSection
	GlobalSection(ExtensibilityGlobals) = postSolution
		SolutionGuid = {EADAE6C6-3F11-4397-80EF-EA289CF3C7BB}
	EndGlobalSection
EndGlobal
